
Microsoft Visual Studio Solution File, Format Version 11.00
# Visual Studio 2010
Project("{8BC9CEB8-8B4A-11D0-8D11-00A0C91BC942}") = "gm_tmysql4", "gm_tmysql4.vcxproj", "{C47447A6-3230-6F4E-AC03-6F303E26403D}"
EndProject
Global
	GlobalSection(SolutionConfigurationPlatforms) = preSolution
		Release|Win32 = Release|Win32
	EndGlobalSection
	GlobalSection(ProjectConfigurationPlatforms) = postSolution
		{C47447A6-3230-6F4E-AC03-6F303E26403D}.Release|Win32.ActiveCfg = Release|Win32
		{C47447A6-3230-6F4E-AC03-6F303E26403D}.Release|Win32.Build.0 = Release|Win32
	EndGlobalSection
	GlobalSection(SolutionProperties) = preSolution
		HideSolutionNode = FALSE
	EndGlobalSection
EndGlobal
